
Microsoft Visual Studio Solution File, Format Version 12.00
# Visual Studio Version 16
VisualStudioVersion = 16.0.31729.503
MinimumVisualStudioVersion = 10.0.40219.1
Project("{FAE04EC0-301F-11D3-BF4B-00C04F79EFBC}") = "Csharp_Final", "Csharp_Final\Csharp_Final.csproj", "{6A8D63A5-8979-4372-94E7-94CDBCA3B0AA}"
EndProject
Global
	GlobalSection(SolutionConfigurationPlatforms) = preSolution
		Debug|Any CPU = Debug|Any CPU
		Release|Any CPU = Release|Any CPU
	EndGlobalSection
	GlobalSection(ProjectConfigurationPlatforms) = postSolution
		{6A8D63A5-8979-4372-94E7-94CDBCA3B0AA}.Debug|Any CPU.ActiveCfg = Debug|Any CPU
		{6A8D63A5-8979-4372-94E7-94CDBCA3B0AA}.Debug|Any CPU.Build.0 = Debug|Any CPU
		{6A8D63A5-8979-4372-94E7-94CDBCA3B0AA}.Release|Any CPU.ActiveCfg = Release|Any CPU
		{6A8D63A5-8979-4372-94E7-94CDBCA3B0AA}.Release|Any CPU.Build.0 = Release|Any CPU
	EndGlobalSection
	GlobalSection(SolutionProperties) = preSolution
		HideSolutionNode = FALSE
	EndGlobalSection
	GlobalSection(ExtensibilityGlobals) = postSolution
		SolutionGuid = {1A41DE60-3DC5-4BCA-BF6E-380CAA9F9869}
	EndGlobalSection
EndGlobal
