
Microsoft Visual Studio Solution File, Format Version 12.00
# Visual Studio Version 16
VisualStudioVersion = 16.0.31729.503
MinimumVisualStudioVersion = 10.0.40219.1
Project("{FAE04EC0-301F-11D3-BF4B-00C04F79EFBC}") = "smartphone_main", "smartphone_main\smartphone_main.csproj", "{BCBE37C9-ABD8-4BBB-94C3-D2B12A17C5A8}"
EndProject
Global
	GlobalSection(SolutionConfigurationPlatforms) = preSolution
		Debug|Any CPU = Debug|Any CPU
		Release|Any CPU = Release|Any CPU
	EndGlobalSection
	GlobalSection(ProjectConfigurationPlatforms) = postSolution
		{BCBE37C9-ABD8-4BBB-94C3-D2B12A17C5A8}.Debug|Any CPU.ActiveCfg = Debug|Any CPU
		{BCBE37C9-ABD8-4BBB-94C3-D2B12A17C5A8}.Debug|Any CPU.Build.0 = Debug|Any CPU
		{BCBE37C9-ABD8-4BBB-94C3-D2B12A17C5A8}.Release|Any CPU.ActiveCfg = Release|Any CPU
		{BCBE37C9-ABD8-4BBB-94C3-D2B12A17C5A8}.Release|Any CPU.Build.0 = Release|Any CPU
	EndGlobalSection
	GlobalSection(SolutionProperties) = preSolution
		HideSolutionNode = FALSE
	EndGlobalSection
	GlobalSection(ExtensibilityGlobals) = postSolution
		SolutionGuid = {6A0C0EB7-4CE8-4ED2-B166-BF172777BF2E}
	EndGlobalSection
EndGlobal
